// !$*UTF8*$!
{
	archiveVersion = 1;
	classes = {
	};
	objectVersion = 48;
	objects = {

/* Begin PBXBuildFile section */
		6E2436EE1FAC45E6006E3AA8 /* Assets.xcassets in Resources */ = {isa = PBXBuildFile; fileRef = 6E2435251FAC45E5006E3AA8 /* Assets.xcassets */; };
		6E2436EF1FAC45E6006E3AA8 /* LaunchScreen.storyboard in Resources */ = {isa = PBXBuildFile; fileRef = 6E2435261FAC45E5006E3AA8 /* LaunchScreen.storyboard */; };
		6E2436F01FAC45E6006E3AA8 /* Main.storyboard in Resources */ = {isa = PBXBuildFile; fileRef = 6E2435281FAC45E5006E3AA8 /* Main.storyboard */; };
		6E2436F11FAC45E6006E3AA8 /* Info.plist in Resources */ = {isa = PBXBuildFile; fileRef = 6E24352A1FAC45E5006E3AA8 /* Info.plist */; };
		6E2436F21FAC45E6006E3AA8 /* main.m in Sources */ = {isa = PBXBuildFile; fileRef = 6E24352B1FAC45E5006E3AA8 /* main.m */; };
		6E24375F1FAC45E7006E3AA8 /* AppDelegate.m in Sources */ = {isa = PBXBuildFile; fileRef = 6E2436DB1FAC45E6006E3AA8 /* AppDelegate.m */; };
		6E2437601FAC45E7006E3AA8 /* ViewController.m in Sources */ = {isa = PBXBuildFile; fileRef = 6E2436E61FAC45E6006E3AA8 /* ViewController.m */; };
		D1348B87CED4F336B9DE88B3 /* libPods-fangDouYin.a in Frameworks */ = {isa = PBXBuildFile; fileRef = FCCF84C9F745CEBA5AF35C54 /* libPods-fangDouYin.a */; };
/* End PBXBuildFile section */

/* Begin PBXContainerItemProxy section */
		6E2434E41FAC075C006E3AA8 /* PBXContainerItemProxy */ = {
			isa = PBXContainerItemProxy;
			containerPortal = 6E2434C31FAC075C006E3AA8 /* Project object */;
			proxyType = 1;
			remoteGlobalIDString = 6E2434CA1FAC075C006E3AA8;
			remoteInfo = fangDouYin;
		};
		6E2434EF1FAC075C006E3AA8 /* PBXContainerItemProxy */ = {
			isa = PBXContainerItemProxy;
			containerPortal = 6E2434C31FAC075C006E3AA8 /* Project object */;
			proxyType = 1;
			remoteGlobalIDString = 6E2434CA1FAC075C006E3AA8;
			remoteInfo = fangDouYin;
		};
/* End PBXContainerItemProxy section */

/* Begin PBXFileReference section */
		127719602AE3D94E57F13100 /* Pods-fangDouYin.debug.xcconfig */ = {isa = PBXFileReference; includeInIndex = 1; lastKnownFileType = text.xcconfig; name = "Pods-fangDouYin.debug.xcconfig"; path = "Pods/Target Support Files/Pods-fangDouYin/Pods-fangDouYin.debug.xcconfig"; sourceTree = "<group>"; };
		4BEF37560F29E6833ECF411B /* Pods-fangDouYin.release.xcconfig */ = {isa = PBXFileReference; includeInIndex = 1; lastKnownFileType = text.xcconfig; name = "Pods-fangDouYin.release.xcconfig"; path = "Pods/Target Support Files/Pods-fangDouYin/Pods-fangDouYin.release.xcconfig"; sourceTree = "<group>"; };
		6E2434CB1FAC075C006E3AA8 /* fangDouYin.app */ = {isa = PBXFileReference; explicitFileType = wrapper.application; includeInIndex = 0; path = fangDouYin.app; sourceTree = BUILT_PRODUCTS_DIR; };
		6E2434E31FAC075C006E3AA8 /* fangDouYinTests.xctest */ = {isa = PBXFileReference; explicitFileType = wrapper.cfbundle; includeInIndex = 0; path = fangDouYinTests.xctest; sourceTree = BUILT_PRODUCTS_DIR; };
		6E2434EE1FAC075C006E3AA8 /* fangDouYinUITests.xctest */ = {isa = PBXFileReference; explicitFileType = wrapper.cfbundle; includeInIndex = 0; path = fangDouYinUITests.xctest; sourceTree = BUILT_PRODUCTS_DIR; };
		6E2435251FAC45E5006E3AA8 /* Assets.xcassets */ = {isa = PBXFileReference; lastKnownFileType = folder.assetcatalog; path = Assets.xcassets; sourceTree = "<group>"; };
		6E2435271FAC45E5006E3AA8 /* Base */ = {isa = PBXFileReference; lastKnownFileType = file.storyboard; name = Base; path = Base.lproj/LaunchScreen.storyboard; sourceTree = "<group>"; };
		6E2435291FAC45E5006E3AA8 /* Base */ = {isa = PBXFileReference; lastKnownFileType = file.storyboard; name = Base; path = Base.lproj/Main.storyboard; sourceTree = "<group>"; };
		6E24352A1FAC45E5006E3AA8 /* Info.plist */ = {isa = PBXFileReference; fileEncoding = 4; lastKnownFileType = text.plist.xml; path = Info.plist; sourceTree = "<group>"; };
		6E24352B1FAC45E5006E3AA8 /* main.m */ = {isa = PBXFileReference; fileEncoding = 4; lastKnownFileType = sourcecode.c.objc; path = main.m; sourceTree = "<group>"; };
		6E2436DA1FAC45E6006E3AA8 /* AppDelegate.h */ = {isa = PBXFileReference; fileEncoding = 4; lastKnownFileType = sourcecode.c.h; path = AppDelegate.h; sourceTree = "<group>"; };
		6E2436DB1FAC45E6006E3AA8 /* AppDelegate.m */ = {isa = PBXFileReference; fileEncoding = 4; lastKnownFileType = sourcecode.c.objc; path = AppDelegate.m; sourceTree = "<group>"; };
		6E2436E51FAC45E6006E3AA8 /* ViewController.h */ = {isa = PBXFileReference; fileEncoding = 4; lastKnownFileType = sourcecode.c.h; path = ViewController.h; sourceTree = "<group>"; };
		6E2436E61FAC45E6006E3AA8 /* ViewController.m */ = {isa = PBXFileReference; fileEncoding = 4; lastKnownFileType = sourcecode.c.objc; path = ViewController.m; sourceTree = "<group>"; };
		FCCF84C9F745CEBA5AF35C54 /* libPods-fangDouYin.a */ = {isa = PBXFileReference; explicitFileType = archive.ar; includeInIndex = 0; path = "libPods-fangDouYin.a"; sourceTree = BUILT_PRODUCTS_DIR; };
/* End PBXFileReference section */

/* Begin PBXFrameworksBuildPhase section */
		6E2434C81FAC075C006E3AA8 /* Frameworks */ = {
			isa = PBXFrameworksBuildPhase;
			buildActionMask = 2147483647;
			files = (
				D1348B87CED4F336B9DE88B3 /* libPods-fangDouYin.a in Frameworks */,
			);
			runOnlyForDeploymentPostprocessing = 0;
		};
		6E2434E01FAC075C006E3AA8 /* Frameworks */ = {
			isa = PBXFrameworksBuildPhase;
			buildActionMask = 2147483647;
			files = (
			);
			runOnlyForDeploymentPostprocessing = 0;
		};
		6E2434EB1FAC075C006E3AA8 /* Frameworks */ = {
			isa = PBXFrameworksBuildPhase;
			buildActionMask = 2147483647;
			files = (
			);
			runOnlyForDeploymentPostprocessing = 0;
		};
/* End PBXFrameworksBuildPhase section */

/* Begin PBXGroup section */
		6E2434C21FAC075C006E3AA8 = {
			isa = PBXGroup;
			children = (
				6E24351F1FAC45E5006E3AA8 /* Common */,
				6E2436D81FAC45E6006E3AA8 /* Client */,
				6E2435241FAC45E5006E3AA8 /* Other */,
				6E24351C1FAC45E5006E3AA8 /* Resources */,
				6E24351D1FAC45E5006E3AA8 /* Supports */,
				6E2434CC1FAC075C006E3AA8 /* Products */,
				B68DB52CC0824C9A91049DB1 /* Pods */,
				9D4190E2DE5D405869104729 /* Frameworks */,
			);
			sourceTree = "<group>";
		};
		6E2434CC1FAC075C006E3AA8 /* Products */ = {
			isa = PBXGroup;
			children = (
				6E2434CB1FAC075C006E3AA8 /* fangDouYin.app */,
				6E2434E31FAC075C006E3AA8 /* fangDouYinTests.xctest */,
				6E2434EE1FAC075C006E3AA8 /* fangDouYinUITests.xctest */,
			);
			name = Products;
			sourceTree = "<group>";
		};
		6E24351C1FAC45E5006E3AA8 /* Resources */ = {
			isa = PBXGroup;
			children = (
			);
			path = Resources;
			sourceTree = "<group>";
		};
		6E24351D1FAC45E5006E3AA8 /* Supports */ = {
			isa = PBXGroup;
			children = (
			);
			path = Supports;
			sourceTree = "<group>";
		};
		6E24351F1FAC45E5006E3AA8 /* Common */ = {
			isa = PBXGroup;
			children = (
			);
			path = Common;
			sourceTree = "<group>";
		};
		6E2435241FAC45E5006E3AA8 /* Other */ = {
			isa = PBXGroup;
			children = (
				6E2435251FAC45E5006E3AA8 /* Assets.xcassets */,
				6E2435261FAC45E5006E3AA8 /* LaunchScreen.storyboard */,
				6E2435281FAC45E5006E3AA8 /* Main.storyboard */,
				6E24352A1FAC45E5006E3AA8 /* Info.plist */,
				6E24352B1FAC45E5006E3AA8 /* main.m */,
			);
			path = Other;
			sourceTree = "<group>";
		};
		6E2436D81FAC45E6006E3AA8 /* Client */ = {
			isa = PBXGroup;
			children = (
				6E2436D91FAC45E6006E3AA8 /* AppDelegate */,
				6E2436DC1FAC45E6006E3AA8 /* Discover */,
				6E2436DD1FAC45E6006E3AA8 /* Extensions */,
				6E2436DE1FAC45E6006E3AA8 /* Home */,
				6E2436DF1FAC45E6006E3AA8 /* Login */,
				6E2436E01FAC45E6006E3AA8 /* Main */,
				6E2436E11FAC45E6006E3AA8 /* Me */,
				6E2436E21FAC45E6006E3AA8 /* Message */,
				6E2436E31FAC45E6006E3AA8 /* Upload */,
				6E2436E41FAC45E6006E3AA8 /* Utilities */,
				6E2436E51FAC45E6006E3AA8 /* ViewController.h */,
				6E2436E61FAC45E6006E3AA8 /* ViewController.m */,
			);
			path = Client;
			sourceTree = "<group>";
		};
		6E2436D91FAC45E6006E3AA8 /* AppDelegate */ = {
			isa = PBXGroup;
			children = (
				6E2436DA1FAC45E6006E3AA8 /* AppDelegate.h */,
				6E2436DB1FAC45E6006E3AA8 /* AppDelegate.m */,
			);
			path = AppDelegate;
			sourceTree = "<group>";
		};
		6E2436DC1FAC45E6006E3AA8 /* Discover */ = {
			isa = PBXGroup;
			children = (
			);
			path = Discover;
			sourceTree = "<group>";
		};
		6E2436DD1FAC45E6006E3AA8 /* Extensions */ = {
			isa = PBXGroup;
			children = (
			);
			path = Extensions;
			sourceTree = "<group>";
		};
		6E2436DE1FAC45E6006E3AA8 /* Home */ = {
			isa = PBXGroup;
			children = (
			);
			path = Home;
			sourceTree = "<group>";
		};
		6E2436DF1FAC45E6006E3AA8 /* Login */ = {
			isa = PBXGroup;
			children = (
			);
			path = Login;
			sourceTree = "<group>";
		};
		6E2436E01FAC45E6006E3AA8 /* Main */ = {
			isa = PBXGroup;
			children = (
			);
			path = Main;
			sourceTree = "<group>";
		};
		6E2436E11FAC45E6006E3AA8 /* Me */ = {
			isa = PBXGroup;
			children = (
			);
			path = Me;
			sourceTree = "<group>";
		};
		6E2436E21FAC45E6006E3AA8 /* Message */ = {
			isa = PBXGroup;
			children = (
			);
			path = Message;
			sourceTree = "<group>";
		};
		6E2436E31FAC45E6006E3AA8 /* Upload */ = {
			isa = PBXGroup;
			children = (
			);
			path = Upload;
			sourceTree = "<group>";
		};
		6E2436E41FAC45E6006E3AA8 /* Utilities */ = {
			isa = PBXGroup;
			children = (
			);
			path = Utilities;
			sourceTree = "<group>";
		};
		9D4190E2DE5D405869104729 /* Frameworks */ = {
			isa = PBXGroup;
			children = (
				FCCF84C9F745CEBA5AF35C54 /* libPods-fangDouYin.a */,
			);
			name = Frameworks;
			sourceTree = "<group>";
		};
		B68DB52CC0824C9A91049DB1 /* Pods */ = {
			isa = PBXGroup;
			children = (
				127719602AE3D94E57F13100 /* Pods-fangDouYin.debug.xcconfig */,
				4BEF37560F29E6833ECF411B /* Pods-fangDouYin.release.xcconfig */,
			);
			name = Pods;
			sourceTree = "<group>";
		};
/* End PBXGroup section */

/* Begin PBXNativeTarget section */
		6E2434CA1FAC075C006E3AA8 /* fangDouYin */ = {
			isa = PBXNativeTarget;
			buildConfigurationList = 6E2434F71FAC075C006E3AA8 /* Build configuration list for PBXNativeTarget "fangDouYin" */;
			buildPhases = (
				EA4E16F14EC5BF9FED80DD60 /* [CP] Check Pods Manifest.lock */,
				6E2434C71FAC075C006E3AA8 /* Sources */,
				6E2434C81FAC075C006E3AA8 /* Frameworks */,
				6E2434C91FAC075C006E3AA8 /* Resources */,
				CD7ED1104C9818C726FD3639 /* [CP] Embed Pods Frameworks */,
				4A1A19A9166352C251E623C7 /* [CP] Copy Pods Resources */,
			);
			buildRules = (
			);
			dependencies = (
			);
			name = fangDouYin;
			productName = fangDouYin;
			productReference = 6E2434CB1FAC075C006E3AA8 /* fangDouYin.app */;
			productType = "com.apple.product-type.application";
		};
		6E2434E21FAC075C006E3AA8 /* fangDouYinTests */ = {
			isa = PBXNativeTarget;
			buildConfigurationList = 6E2434FA1FAC075C006E3AA8 /* Build configuration list for PBXNativeTarget "fangDouYinTests" */;
			buildPhases = (
				6E2434DF1FAC075C006E3AA8 /* Sources */,
				6E2434E01FAC075C006E3AA8 /* Frameworks */,
				6E2434E11FAC075C006E3AA8 /* Resources */,
			);
			buildRules = (
			);
			dependencies = (
				6E2434E51FAC075C006E3AA8 /* PBXTargetDependency */,
			);
			name = fangDouYinTests;
			productName = fangDouYinTests;
			productReference = 6E2434E31FAC075C006E3AA8 /* fangDouYinTests.xctest */;
			productType = "com.apple.product-type.bundle.unit-test";
		};
		6E2434ED1FAC075C006E3AA8 /* fangDouYinUITests */ = {
			isa = PBXNativeTarget;
			buildConfigurationList = 6E2434FD1FAC075C006E3AA8 /* Build configuration list for PBXNativeTarget "fangDouYinUITests" */;
			buildPhases = (
				6E2434EA1FAC075C006E3AA8 /* Sources */,
				6E2434EB1FAC075C006E3AA8 /* Frameworks */,
				6E2434EC1FAC075C006E3AA8 /* Resources */,
			);
			buildRules = (
			);
			dependencies = (
				6E2434F01FAC075C006E3AA8 /* PBXTargetDependency */,
			);
			name = fangDouYinUITests;
			productName = fangDouYinUITests;
			productReference = 6E2434EE1FAC075C006E3AA8 /* fangDouYinUITests.xctest */;
			productType = "com.apple.product-type.bundle.ui-testing";
		};
/* End PBXNativeTarget section */

/* Begin PBXProject section */
		6E2434C31FAC075C006E3AA8 /* Project object */ = {
			isa = PBXProject;
			attributes = {
				LastUpgradeCheck = 0900;
				ORGANIZATIONNAME = "粽子";
				TargetAttributes = {
					6E2434CA1FAC075C006E3AA8 = {
						CreatedOnToolsVersion = 9.0;
						ProvisioningStyle = Automatic;
					};
					6E2434E21FAC075C006E3AA8 = {
						CreatedOnToolsVersion = 9.0;
						ProvisioningStyle = Automatic;
						TestTargetID = 6E2434CA1FAC075C006E3AA8;
					};
					6E2434ED1FAC075C006E3AA8 = {
						CreatedOnToolsVersion = 9.0;
						ProvisioningStyle = Automatic;
						TestTargetID = 6E2434CA1FAC075C006E3AA8;
					};
				};
			};
			buildConfigurationList = 6E2434C61FAC075C006E3AA8 /* Build configuration list for PBXProject "fangDouYin" */;
			compatibilityVersion = "Xcode 8.0";
			developmentRegion = en;
			hasScannedForEncodings = 0;
			knownRegions = (
				en,
				Base,
			);
			mainGroup = 6E2434C21FAC075C006E3AA8;
			productRefGroup = 6E2434CC1FAC075C006E3AA8 /* Products */;
			projectDirPath = "";
			projectRoot = "";
			targets = (
				6E2434CA1FAC075C006E3AA8 /* fangDouYin */,
				6E2434E21FAC075C006E3AA8 /* fangDouYinTests */,
				6E2434ED1FAC075C006E3AA8 /* fangDouYinUITests */,
			);
		};
/* End PBXProject section */

/* Begin PBXResourcesBuildPhase section */
		6E2434C91FAC075C006E3AA8 /* Resources */ = {
			isa = PBXResourcesBuildPhase;
			buildActionMask = 2147483647;
			files = (
				6E2436F11FAC45E6006E3AA8 /* Info.plist in Resources */,
				6E2436F01FAC45E6006E3AA8 /* Main.storyboard in Resources */,
				6E2436EF1FAC45E6006E3AA8 /* LaunchScreen.storyboard in Resources */,
				6E2436EE1FAC45E6006E3AA8 /* Assets.xcassets in Resources */,
			);
			runOnlyForDeploymentPostprocessing = 0;
		};
		6E2434E11FAC075C006E3AA8 /* Resources */ = {
			isa = PBXResourcesBuildPhase;
			buildActionMask = 2147483647;
			files = (
			);
			runOnlyForDeploymentPostprocessing = 0;
		};
		6E2434EC1FAC075C006E3AA8 /* Resources */ = {
			isa = PBXResourcesBuildPhase;
			buildActionMask = 2147483647;
			files = (
			);
			runOnlyForDeploymentPostprocessing = 0;
		};
/* End PBXResourcesBuildPhase section */

/* Begin PBXShellScriptBuildPhase section */
		4A1A19A9166352C251E623C7 /* [CP] Copy Pods Resources */ = {
			isa = PBXShellScriptBuildPhase;
			buildActionMask = 2147483647;
			files = (
			);
			inputPaths = (
				"${SRCROOT}/Pods/Target Support Files/Pods-fangDouYin/Pods-fangDouYin-resources.sh",
				"${PODS_ROOT}/MJRefresh/MJRefresh/MJRefresh.bundle",
				"${PODS_ROOT}/SVProgressHUD/SVProgressHUD/SVProgressHUD.bundle",
			);
			name = "[CP] Copy Pods Resources";
			outputPaths = (
				"${TARGET_BUILD_DIR}/${UNLOCALIZED_RESOURCES_FOLDER_PATH}",
			);
			runOnlyForDeploymentPostprocessing = 0;
			shellPath = /bin/sh;
			shellScript = "\"${SRCROOT}/Pods/Target Support Files/Pods-fangDouYin/Pods-fangDouYin-resources.sh\"\n";
			showEnvVarsInLog = 0;
		};
		CD7ED1104C9818C726FD3639 /* [CP] Embed Pods Frameworks */ = {
			isa = PBXShellScriptBuildPhase;
			buildActionMask = 2147483647;
			files = (
			);
			inputPaths = (
			);
			name = "[CP] Embed Pods Frameworks";
			outputPaths = (
			);
			runOnlyForDeploymentPostprocessing = 0;
			shellPath = /bin/sh;
			shellScript = "\"${SRCROOT}/Pods/Target Support Files/Pods-fangDouYin/Pods-fangDouYin-frameworks.sh\"\n";
			showEnvVarsInLog = 0;
		};
		EA4E16F14EC5BF9FED80DD60 /* [CP] Check Pods Manifest.lock */ = {
			isa = PBXShellScriptBuildPhase;
			buildActionMask = 2147483647;
			files = (
			);
			inputPaths = (
				"${PODS_PODFILE_DIR_PATH}/Podfile.lock",
				"${PODS_ROOT}/Manifest.lock",
			);
			name = "[CP] Check Pods Manifest.lock";
			outputPaths = (
				"$(DERIVED_FILE_DIR)/Pods-fangDouYin-checkManifestLockResult.txt",
			);
			runOnlyForDeploymentPostprocessing = 0;
			shellPath = /bin/sh;
			shellScript = "diff \"${PODS_PODFILE_DIR_PATH}/Podfile.lock\" \"${PODS_ROOT}/Manifest.lock\" > /dev/null\nif [ $? != 0 ] ; then\n    # print error to STDERR\n    echo \"error: The sandbox is not in sync with the Podfile.lock. Run 'pod install' or update your CocoaPods installation.\" >&2\n    exit 1\nfi\n# This output is used by Xcode 'outputs' to avoid re-running this script phase.\necho \"SUCCESS\" > \"${SCRIPT_OUTPUT_FILE_0}\"\n";
			showEnvVarsInLog = 0;
		};
/* End PBXShellScriptBuildPhase section */

/* Begin PBXSourcesBuildPhase section */
		6E2434C71FAC075C006E3AA8 /* Sources */ = {
			isa = PBXSourcesBuildPhase;
			buildActionMask = 2147483647;
			files = (
				6E2436F21FAC45E6006E3AA8 /* main.m in Sources */,
				6E24375F1FAC45E7006E3AA8 /* AppDelegate.m in Sources */,
				6E2437601FAC45E7006E3AA8 /* ViewController.m in Sources */,
			);
			runOnlyForDeploymentPostprocessing = 0;
		};
		6E2434DF1FAC075C006E3AA8 /* Sources */ = {
			isa = PBXSourcesBuildPhase;
			buildActionMask = 2147483647;
			files = (
			);
			runOnlyForDeploymentPostprocessing = 0;
		};
		6E2434EA1FAC075C006E3AA8 /* Sources */ = {
			isa = PBXSourcesBuildPhase;
			buildActionMask = 2147483647;
			files = (
			);
			runOnlyForDeploymentPostprocessing = 0;
		};
/* End PBXSourcesBuildPhase section */

/* Begin PBXTargetDependency section */
		6E2434E51FAC075C006E3AA8 /* PBXTargetDependency */ = {
			isa = PBXTargetDependency;
			target = 6E2434CA1FAC075C006E3AA8 /* fangDouYin */;
			targetProxy = 6E2434E41FAC075C006E3AA8 /* PBXContainerItemProxy */;
		};
		6E2434F01FAC075C006E3AA8 /* PBXTargetDependency */ = {
			isa = PBXTargetDependency;
			target = 6E2434CA1FAC075C006E3AA8 /* fangDouYin */;
			targetProxy = 6E2434EF1FAC075C006E3AA8 /* PBXContainerItemProxy */;
		};
/* End PBXTargetDependency section */

/* Begin PBXVariantGroup section */
		6E2435261FAC45E5006E3AA8 /* LaunchScreen.storyboard */ = {
			isa = PBXVariantGroup;
			children = (
				6E2435271FAC45E5006E3AA8 /* Base */,
			);
			name = LaunchScreen.storyboard;
			sourceTree = "<group>";
		};
		6E2435281FAC45E5006E3AA8 /* Main.storyboard */ = {
			isa = PBXVariantGroup;
			children = (
				6E2435291FAC45E5006E3AA8 /* Base */,
			);
			name = Main.storyboard;
			sourceTree = "<group>";
		};
/* End PBXVariantGroup section */

/* Begin XCBuildConfiguration section */
		6E2434F51FAC075C006E3AA8 /* Debug */ = {
			isa = XCBuildConfiguration;
			buildSettings = {
				ALWAYS_SEARCH_USER_PATHS = NO;
				CLANG_ANALYZER_NONNULL = YES;
				CLANG_ANALYZER_NUMBER_OBJECT_CONVERSION = YES_AGGRESSIVE;
				CLANG_CXX_LANGUAGE_STANDARD = "gnu++14";
				CLANG_CXX_LIBRARY = "libc++";
				CLANG_ENABLE_MODULES = YES;
				CLANG_ENABLE_OBJC_ARC = YES;
				CLANG_WARN_BLOCK_CAPTURE_AUTORELEASING = YES;
				CLANG_WARN_BOOL_CONVERSION = YES;
				CLANG_WARN_COMMA = YES;
				CLANG_WARN_CONSTANT_CONVERSION = YES;
				CLANG_WARN_DIRECT_OBJC_ISA_USAGE = YES_ERROR;
				CLANG_WARN_DOCUMENTATION_COMMENTS = YES;
				CLANG_WARN_EMPTY_BODY = YES;
				CLANG_WARN_ENUM_CONVERSION = YES;
				CLANG_WARN_INFINITE_RECURSION = YES;
				CLANG_WARN_INT_CONVERSION = YES;
				CLANG_WARN_NON_LITERAL_NULL_CONVERSION = YES;
				CLANG_WARN_OBJC_LITERAL_CONVERSION = YES;
				CLANG_WARN_OBJC_ROOT_CLASS = YES_ERROR;
				CLANG_WARN_RANGE_LOOP_ANALYSIS = YES;
				CLANG_WARN_STRICT_PROTOTYPES = YES;
				CLANG_WARN_SUSPICIOUS_MOVE = YES;
				CLANG_WARN_UNGUARDED_AVAILABILITY = YES_AGGRESSIVE;
				CLANG_WARN_UNREACHABLE_CODE = YES;
				CLANG_WARN__DUPLICATE_METHOD_MATCH = YES;
				CODE_SIGN_IDENTITY = "iPhone Developer";
				COPY_PHASE_STRIP = NO;
				DEBUG_INFORMATION_FORMAT = dwarf;
				ENABLE_STRICT_OBJC_MSGSEND = YES;
				ENABLE_TESTABILITY = YES;
				GCC_C_LANGUAGE_STANDARD = gnu11;
				GCC_DYNAMIC_NO_PIC = NO;
				GCC_NO_COMMON_BLOCKS = YES;
				GCC_OPTIMIZATION_LEVEL = 0;
				GCC_PREPROCESSOR_DEFINITIONS = (
					"DEBUG=1",
					"$(inherited)",
				);
				GCC_WARN_64_TO_32_BIT_CONVERSION = YES;
				GCC_WARN_ABOUT_RETURN_TYPE = YES_ERROR;
				GCC_WARN_UNDECLARED_SELECTOR = YES;
				GCC_WARN_UNINITIALIZED_AUTOS = YES_AGGRESSIVE;
				GCC_WARN_UNUSED_FUNCTION = YES;
				GCC_WARN_UNUSED_VARIABLE = YES;
				IPHONEOS_DEPLOYMENT_TARGET = 11.0;
				MTL_ENABLE_DEBUG_INFO = YES;
				ONLY_ACTIVE_ARCH = YES;
				SDKROOT = iphoneos;
			};
			name = Debug;
		};
		6E2434F61FAC075C006E3AA8 /* Release */ = {
			isa = XCBuildConfiguration;
			buildSettings = {
				ALWAYS_SEARCH_USER_PATHS = NO;
				CLANG_ANALYZER_NONNULL = YES;
				CLANG_ANALYZER_NUMBER_OBJECT_CONVERSION = YES_AGGRESSIVE;
				CLANG_CXX_LANGUAGE_STANDARD = "gnu++14";
				CLANG_CXX_LIBRARY = "libc++";
				CLANG_ENABLE_MODULES = YES;
				CLANG_ENABLE_OBJC_ARC = YES;
				CLANG_WARN_BLOCK_CAPTURE_AUTORELEASING = YES;
				CLANG_WARN_BOOL_CONVERSION = YES;
				CLANG_WARN_COMMA = YES;
				CLANG_WARN_CONSTANT_CONVERSION = YES;
				CLANG_WARN_DIRECT_OBJC_ISA_USAGE = YES_ERROR;
				CLANG_WARN_DOCUMENTATION_COMMENTS = YES;
				CLANG_WARN_EMPTY_BODY = YES;
				CLANG_WARN_ENUM_CONVERSION = YES;
				CLANG_WARN_INFINITE_RECURSION = YES;
				CLANG_WARN_INT_CONVERSION = YES;
				CLANG_WARN_NON_LITERAL_NULL_CONVERSION = YES;
				CLANG_WARN_OBJC_LITERAL_CONVERSION = YES;
				CLANG_WARN_OBJC_ROOT_CLASS = YES_ERROR;
				CLANG_WARN_RANGE_LOOP_ANALYSIS = YES;
				CLANG_WARN_STRICT_PROTOTYPES = YES;
				CLANG_WARN_SUSPICIOUS_MOVE = YES;
				CLANG_WARN_UNGUARDED_AVAILABILITY = YES_AGGRESSIVE;
				CLANG_WARN_UNREACHABLE_CODE = YES;
				CLANG_WARN__DUPLICATE_METHOD_MATCH = YES;
				CODE_SIGN_IDENTITY = "iPhone Developer";
				COPY_PHASE_STRIP = NO;
				DEBUG_INFORMATION_FORMAT = "dwarf-with-dsym";
				ENABLE_NS_ASSERTIONS = NO;
				ENABLE_STRICT_OBJC_MSGSEND = YES;
				GCC_C_LANGUAGE_STANDARD = gnu11;
				GCC_NO_COMMON_BLOCKS = YES;
				GCC_WARN_64_TO_32_BIT_CONVERSION = YES;
				GCC_WARN_ABOUT_RETURN_TYPE = YES_ERROR;
				GCC_WARN_UNDECLARED_SELECTOR = YES;
				GCC_WARN_UNINITIALIZED_AUTOS = YES_AGGRESSIVE;
				GCC_WARN_UNUSED_FUNCTION = YES;
				GCC_WARN_UNUSED_VARIABLE = YES;
				IPHONEOS_DEPLOYMENT_TARGET = 11.0;
				MTL_ENABLE_DEBUG_INFO = NO;
				SDKROOT = iphoneos;
				VALIDATE_PRODUCT = YES;
			};
			name = Release;
		};
		6E2434F81FAC075C006E3AA8 /* Debug */ = {
			isa = XCBuildConfiguration;
			baseConfigurationReference = 127719602AE3D94E57F13100 /* Pods-fangDouYin.debug.xcconfig */;
			buildSettings = {
				ASSETCATALOG_COMPILER_APPICON_NAME = AppIcon;
				CODE_SIGN_STYLE = Automatic;
				DEVELOPMENT_TEAM = LHL52Z489T;
				INFOPLIST_FILE = Other/Info.plist;
				IPHONEOS_DEPLOYMENT_TARGET = 9.0;
				LD_RUNPATH_SEARCH_PATHS = "$(inherited) @executable_path/Frameworks";
				PRODUCT_BUNDLE_IDENTIFIER = etyhetyhrtyhtryhth.fangDouYin;
				PRODUCT_NAME = "$(TARGET_NAME)";
				TARGETED_DEVICE_FAMILY = "1,2";
			};
			name = Debug;
		};
		6E2434F91FAC075C006E3AA8 /* Release */ = {
			isa = XCBuildConfiguration;
			baseConfigurationReference = 4BEF37560F29E6833ECF411B /* Pods-fangDouYin.release.xcconfig */;
			buildSettings = {
				ASSETCATALOG_COMPILER_APPICON_NAME = AppIcon;
				CODE_SIGN_STYLE = Automatic;
				DEVELOPMENT_TEAM = LHL52Z489T;
				INFOPLIST_FILE = Other/Info.plist;
				IPHONEOS_DEPLOYMENT_TARGET = 9.0;
				LD_RUNPATH_SEARCH_PATHS = "$(inherited) @executable_path/Frameworks";
				PRODUCT_BUNDLE_IDENTIFIER = etyhetyhrtyhtryhth.fangDouYin;
				PRODUCT_NAME = "$(TARGET_NAME)";
				TARGETED_DEVICE_FAMILY = "1,2";
			};
			name = Release;
		};
		6E2434FB1FAC075C006E3AA8 /* Debug */ = {
			isa = XCBuildConfiguration;
			buildSettings = {
				BUNDLE_LOADER = "$(TEST_HOST)";
				CODE_SIGN_STYLE = Automatic;
				DEVELOPMENT_TEAM = LHL52Z489T;
				INFOPLIST_FILE = fangDouYinTests/Info.plist;
				LD_RUNPATH_SEARCH_PATHS = "$(inherited) @executable_path/Frameworks @loader_path/Frameworks";
				PRODUCT_BUNDLE_IDENTIFIER = etyhetyhrtyhtryhth.fangDouYinTests;
				PRODUCT_NAME = "$(TARGET_NAME)";
				TARGETED_DEVICE_FAMILY = "1,2";
				TEST_HOST = "$(BUILT_PRODUCTS_DIR)/fangDouYin.app/fangDouYin";
			};
			name = Debug;
		};
		6E2434FC1FAC075C006E3AA8 /* Release */ = {
			isa = XCBuildConfiguration;
			buildSettings = {
				BUNDLE_LOADER = "$(TEST_HOST)";
				CODE_SIGN_STYLE = Automatic;
				DEVELOPMENT_TEAM = LHL52Z489T;
				INFOPLIST_FILE = fangDouYinTests/Info.plist;
				LD_RUNPATH_SEARCH_PATHS = "$(inherited) @executable_path/Frameworks @loader_path/Frameworks";
				PRODUCT_BUNDLE_IDENTIFIER = etyhetyhrtyhtryhth.fangDouYinTests;
				PRODUCT_NAME = "$(TARGET_NAME)";
				TARGETED_DEVICE_FAMILY = "1,2";
				TEST_HOST = "$(BUILT_PRODUCTS_DIR)/fangDouYin.app/fangDouYin";
			};
			name = Release;
		};
		6E2434FE1FAC075C006E3AA8 /* Debug */ = {
			isa = XCBuildConfiguration;
			buildSettings = {
				CODE_SIGN_STYLE = Automatic;
				DEVELOPMENT_TEAM = LHL52Z489T;
				INFOPLIST_FILE = fangDouYinUITests/Info.plist;
				LD_RUNPATH_SEARCH_PATHS = "$(inherited) @executable_path/Frameworks @loader_path/Frameworks";
				PRODUCT_BUNDLE_IDENTIFIER = etyhetyhrtyhtryhth.fangDouYinUITests;
				PRODUCT_NAME = "$(TARGET_NAME)";
				TARGETED_DEVICE_FAMILY = "1,2";
				TEST_TARGET_NAME = fangDouYin;
			};
			name = Debug;
		};
		6E2434FF1FAC075C006E3AA8 /* Release */ = {
			isa = XCBuildConfiguration;
			buildSettings = {
				CODE_SIGN_STYLE = Automatic;
				DEVELOPMENT_TEAM = LHL52Z489T;
				INFOPLIST_FILE = fangDouYinUITests/Info.plist;
				LD_RUNPATH_SEARCH_PATHS = "$(inherited) @executable_path/Frameworks @loader_path/Frameworks";
				PRODUCT_BUNDLE_IDENTIFIER = etyhetyhrtyhtryhth.fangDouYinUITests;
				PRODUCT_NAME = "$(TARGET_NAME)";
				TARGETED_DEVICE_FAMILY = "1,2";
				TEST_TARGET_NAME = fangDouYin;
			};
			name = Release;
		};
/* End XCBuildConfiguration section */

/* Begin XCConfigurationList section */
		6E2434C61FAC075C006E3AA8 /* Build configuration list for PBXProject "fangDouYin" */ = {
			isa = XCConfigurationList;
			buildConfigurations = (
				6E2434F51FAC075C006E3AA8 /* Debug */,
				6E2434F61FAC075C006E3AA8 /* Release */,
			);
			defaultConfigurationIsVisible = 0;
			defaultConfigurationName = Release;
		};
		6E2434F71FAC075C006E3AA8 /* Build configuration list for PBXNativeTarget "fangDouYin" */ = {
			isa = XCConfigurationList;
			buildConfigurations = (
				6E2434F81FAC075C006E3AA8 /* Debug */,
				6E2434F91FAC075C006E3AA8 /* Release */,
			);
			defaultConfigurationIsVisible = 0;
			defaultConfigurationName = Release;
		};
		6E2434FA1FAC075C006E3AA8 /* Build configuration list for PBXNativeTarget "fangDouYinTests" */ = {
			isa = XCConfigurationList;
			buildConfigurations = (
				6E2434FB1FAC075C006E3AA8 /* Debug */,
				6E2434FC1FAC075C006E3AA8 /* Release */,
			);
			defaultConfigurationIsVisible = 0;
			defaultConfigurationName = Release;
		};
		6E2434FD1FAC075C006E3AA8 /* Build configuration list for PBXNativeTarget "fangDouYinUITests" */ = {
			isa = XCConfigurationList;
			buildConfigurations = (
				6E2434FE1FAC075C006E3AA8 /* Debug */,
				6E2434FF1FAC075C006E3AA8 /* Release */,
			);
			defaultConfigurationIsVisible = 0;
			defaultConfigurationName = Release;
		};
/* End XCConfigurationList section */
	};
	rootObject = 6E2434C31FAC075C006E3AA8 /* Project object */;
}
